
Microsoft Visual Studio Solution File, Format Version 12.00
# Visual Studio Version 16
VisualStudioVersion = 16.0.31005.135
MinimumVisualStudioVersion = 10.0.40219.1
Project("{FAE04EC0-301F-11D3-BF4B-00C04F79EFBC}") = "TaskBarProgress", "TaskBarProgress\TaskBarProgress.csproj", "{62BBDB61-8591-4CA7-B429-AFE1C02F4FF9}"
EndProject
Project("{FAE04EC0-301F-11D3-BF4B-00C04F79EFBC}") = "TaskBarProgessTests", "TaskBarProgessTests\TaskBarProgessTests.csproj", "{A408AB80-0A90-46A3-B143-0A18B09562E3}"
EndProject
Global
	GlobalSection(SolutionConfigurationPlatforms) = preSolution
		Debug|Any CPU = Debug|Any CPU
		Release|Any CPU = Release|Any CPU
	EndGlobalSection
	GlobalSection(ProjectConfigurationPlatforms) = postSolution
		{62BBDB61-8591-4CA7-B429-AFE1C02F4FF9}.Debug|Any CPU.ActiveCfg = Debug|Any CPU
		{62BBDB61-8591-4CA7-B429-AFE1C02F4FF9}.Debug|Any CPU.Build.0 = Debug|Any CPU
		{62BBDB61-8591-4CA7-B429-AFE1C02F4FF9}.Release|Any CPU.ActiveCfg = Release|Any CPU
		{62BBDB61-8591-4CA7-B429-AFE1C02F4FF9}.Release|Any CPU.Build.0 = Release|Any CPU
		{A408AB80-0A90-46A3-B143-0A18B09562E3}.Debug|Any CPU.ActiveCfg = Debug|Any CPU
		{A408AB80-0A90-46A3-B143-0A18B09562E3}.Debug|Any CPU.Build.0 = Debug|Any CPU
		{A408AB80-0A90-46A3-B143-0A18B09562E3}.Release|Any CPU.ActiveCfg = Release|Any CPU
		{A408AB80-0A90-46A3-B143-0A18B09562E3}.Release|Any CPU.Build.0 = Release|Any CPU
	EndGlobalSection
	GlobalSection(SolutionProperties) = preSolution
		HideSolutionNode = FALSE
	EndGlobalSection
	GlobalSection(ExtensibilityGlobals) = postSolution
		SolutionGuid = {7AF60EEA-4467-425B-A425-9859BD924634}
	EndGlobalSection
EndGlobal
